github.com/garden-io/mlem v0.0.0-20190711015836-a60750e4eb8e h1:Gi7qmXisIXe801/Twu3vTnsvW1gmqX7S5g9C9m57cxU=
github.com/garden-io/mlem v0.0.0-20190711015836-a60750e4eb8e/go.mod h1:o8/9Mx1OI1UkTVtC9L9mIZ5whf94JWV3YNdctREyoVI=
github.com/gorilla/websocket v1.4.1 h1:q7AeDBpnBk8AogcD4DSag/Ukw/KV+YhzLj2bP5HvKCM=
github.com/gorilla/websocket v1.4.1/go.mod h1:YR8l580nyteQvAITg2hZ9XVh4b55+EU/adAjf1fMHhE=
